
Microsoft Visual Studio Solution File, Format Version 12.00
# Visual Studio Version 16
VisualStudioVersion = 16.0.30621.155
MinimumVisualStudioVersion = 15.0.26124.0
Project("{9A19103F-16F7-4668-BE54-9A1E7A4F7556}") = "API", "API\API.csproj", "{950DBD60-2E6D-42C6-AEEF-4EDB30E13EB5}"
EndProject
Global
	GlobalSection(SolutionConfigurationPlatforms) = preSolution
		Debug|Any CPU = Debug|Any CPU
		Debug|x64 = Debug|x64
		Debug|x86 = Debug|x86
		Release|Any CPU = Release|Any CPU
		Release|x64 = Release|x64
		Release|x86 = Release|x86
	EndGlobalSection
	GlobalSection(ProjectConfigurationPlatforms) = postSolution
		{950DBD60-2E6D-42C6-AEEF-4EDB30E13EB5}.Debug|Any CPU.ActiveCfg = Debug|Any CPU
		{950DBD60-2E6D-42C6-AEEF-4EDB30E13EB5}.Debug|Any CPU.Build.0 = Debug|Any CPU
		{950DBD60-2E6D-42C6-AEEF-4EDB30E13EB5}.Debug|x64.ActiveCfg = Debug|Any CPU
		{950DBD60-2E6D-42C6-AEEF-4EDB30E13EB5}.Debug|x64.Build.0 = Debug|Any CPU
		{950DBD60-2E6D-42C6-AEEF-4EDB30E13EB5}.Debug|x86.ActiveCfg = Debug|Any CPU
		{950DBD60-2E6D-42C6-AEEF-4EDB30E13EB5}.Debug|x86.Build.0 = Debug|Any CPU
		{950DBD60-2E6D-42C6-AEEF-4EDB30E13EB5}.Release|Any CPU.ActiveCfg = Release|Any CPU
		{950DBD60-2E6D-42C6-AEEF-4EDB30E13EB5}.Release|Any CPU.Build.0 = Release|Any CPU
		{950DBD60-2E6D-42C6-AEEF-4EDB30E13EB5}.Release|x64.ActiveCfg = Release|Any CPU
		{950DBD60-2E6D-42C6-AEEF-4EDB30E13EB5}.Release|x64.Build.0 = Release|Any CPU
		{950DBD60-2E6D-42C6-AEEF-4EDB30E13EB5}.Release|x86.ActiveCfg = Release|Any CPU
		{950DBD60-2E6D-42C6-AEEF-4EDB30E13EB5}.Release|x86.Build.0 = Release|Any CPU
	EndGlobalSection
	GlobalSection(SolutionProperties) = preSolution
		HideSolutionNode = FALSE
	EndGlobalSection
	GlobalSection(ExtensibilityGlobals) = postSolution
		SolutionGuid = {4F940672-078C-4437-9976-24575C810BF4}
	EndGlobalSection
EndGlobal
